Microsoft Visual Studio Solution File, Format Version 12.00
# Visual Studio Version 17
VisualStudioVersion = 17.5.2.0
MinimumVisualStudioVersion = 10.0.40219.1
Project("{FAE04EC0-301F-11D3-BF4B-00C04F79EFBC}") = "DemoEFWebApi", "DemoEFWebApi.csproj", "{0F9386EE-14D1-A2A1-2622-C7307919623B}"
EndProject
Global
	GlobalSection(SolutionConfigurationPlatforms) = preSolution
		Debug|Any CPU = Debug|Any CPU
		Release|Any CPU = Release|Any CPU
	EndGlobalSection
	GlobalSection(ProjectConfigurationPlatforms) = postSolution
		{0F9386EE-14D1-A2A1-2622-C7307919623B}.Debug|Any CPU.ActiveCfg = Debug|Any CPU
		{0F9386EE-14D1-A2A1-2622-C7307919623B}.Debug|Any CPU.Build.0 = Debug|Any CPU
		{0F9386EE-14D1-A2A1-2622-C7307919623B}.Release|Any CPU.ActiveCfg = Release|Any CPU
		{0F9386EE-14D1-A2A1-2622-C7307919623B}.Release|Any CPU.Build.0 = Release|Any CPU
	EndGlobalSection
	GlobalSection(SolutionProperties) = preSolution
		HideSolutionNode = FALSE
	EndGlobalSection
	GlobalSection(ExtensibilityGlobals) = postSolution
		SolutionGuid = {2FCBD934-7E48-4EB7-A801-08C03EE451C6}
	EndGlobalSection
EndGlobal
