Microsoft Visual Studio Solution File, Format Version 12.00
# Visual Studio Version 17
VisualStudioVersion = 17.5.2.0
MinimumVisualStudioVersion = 10.0.40219.1
Project("{FAE04EC0-301F-11D3-BF4B-00C04F79EFBC}") = "DemoEFWebApiScaffold", "DemoEFWebApiScaffold.csproj", "{BB295904-F362-679D-AACD-60048B434B71}"
EndProject
Global
	GlobalSection(SolutionConfigurationPlatforms) = preSolution
		Debug|Any CPU = Debug|Any CPU
		Release|Any CPU = Release|Any CPU
	EndGlobalSection
	GlobalSection(ProjectConfigurationPlatforms) = postSolution
		{BB295904-F362-679D-AACD-60048B434B71}.Debug|Any CPU.ActiveCfg = Debug|Any CPU
		{BB295904-F362-679D-AACD-60048B434B71}.Debug|Any CPU.Build.0 = Debug|Any CPU
		{BB295904-F362-679D-AACD-60048B434B71}.Release|Any CPU.ActiveCfg = Release|Any CPU
		{BB295904-F362-679D-AACD-60048B434B71}.Release|Any CPU.Build.0 = Release|Any CPU
	EndGlobalSection
	GlobalSection(SolutionProperties) = preSolution
		HideSolutionNode = FALSE
	EndGlobalSection
	GlobalSection(ExtensibilityGlobals) = postSolution
		SolutionGuid = {8D458C24-3532-4A1B-9627-9A55A041A265}
	EndGlobalSection
EndGlobal
